{
  "name": "dbt--2020-02",
  "version": "1.0.0",
  "lockfileVersion": 1,
  "requires": true,
  "dependencies": {
    "expresss": {
      "version": "0.0.0",
      "resolved": "https://registry.npmjs.org/expresss/-/expresss-0.0.0.tgz",
      "integrity": "sha1-WzOn+J56+Q0xLE/WSekCC/yCCSk="
    }
  }
}
